
Microsoft Visual Studio Solution File, Format Version 12.00
# Visual Studio Version 17
VisualStudioVersion = 17.3.32929.385
MinimumVisualStudioVersion = 10.0.40219.1
Project("{FAE04EC0-301F-11D3-BF4B-00C04F79EFBC}") = "Zadatak8", "Zadatak8.csproj", "{7FBCFE44-709E-4A41-9D9E-C9D25DC4416D}"
EndProject
Global
	GlobalSection(SolutionConfigurationPlatforms) = preSolution
		Debug|Any CPU = Debug|Any CPU
		Release|Any CPU = Release|Any CPU
	EndGlobalSection
	GlobalSection(ProjectConfigurationPlatforms) = postSolution
		{7FBCFE44-709E-4A41-9D9E-C9D25DC4416D}.Debug|Any CPU.ActiveCfg = Debug|Any CPU
		{7FBCFE44-709E-4A41-9D9E-C9D25DC4416D}.Debug|Any CPU.Build.0 = Debug|Any CPU
		{7FBCFE44-709E-4A41-9D9E-C9D25DC4416D}.Release|Any CPU.ActiveCfg = Release|Any CPU
		{7FBCFE44-709E-4A41-9D9E-C9D25DC4416D}.Release|Any CPU.Build.0 = Release|Any CPU
	EndGlobalSection
	GlobalSection(SolutionProperties) = preSolution
		HideSolutionNode = FALSE
	EndGlobalSection
	GlobalSection(ExtensibilityGlobals) = postSolution
		SolutionGuid = {C7428EA7-C351-464F-B137-9CEEEB9C7516}
	EndGlobalSection
EndGlobal
