
Microsoft Visual Studio Solution File, Format Version 12.00
# Visual Studio Version 17
VisualStudioVersion = 17.3.32929.385
MinimumVisualStudioVersion = 10.0.40219.1
Project("{FAE04EC0-301F-11D3-BF4B-00C04F79EFBC}") = "Zadatak9", "Zadatak9.csproj", "{4C21D8B3-45E3-4DBD-B70F-377BCD48BFFB}"
EndProject
Global
	GlobalSection(SolutionConfigurationPlatforms) = preSolution
		Debug|Any CPU = Debug|Any CPU
		Release|Any CPU = Release|Any CPU
	EndGlobalSection
	GlobalSection(ProjectConfigurationPlatforms) = postSolution
		{4C21D8B3-45E3-4DBD-B70F-377BCD48BFFB}.Debug|Any CPU.ActiveCfg = Debug|Any CPU
		{4C21D8B3-45E3-4DBD-B70F-377BCD48BFFB}.Debug|Any CPU.Build.0 = Debug|Any CPU
		{4C21D8B3-45E3-4DBD-B70F-377BCD48BFFB}.Release|Any CPU.ActiveCfg = Release|Any CPU
		{4C21D8B3-45E3-4DBD-B70F-377BCD48BFFB}.Release|Any CPU.Build.0 = Release|Any CPU
	EndGlobalSection
	GlobalSection(SolutionProperties) = preSolution
		HideSolutionNode = FALSE
	EndGlobalSection
	GlobalSection(ExtensibilityGlobals) = postSolution
		SolutionGuid = {03237DE1-F33A-414C-AD38-C89A07F38EF8}
	EndGlobalSection
EndGlobal
