
Microsoft Visual Studio Solution File, Format Version 12.00
# Visual Studio Version 17
VisualStudioVersion = 17.3.32929.385
MinimumVisualStudioVersion = 10.0.40219.1
Project("{FAE04EC0-301F-11D3-BF4B-00C04F79EFBC}") = "Zadatak6", "Zadatak6.csproj", "{74EC29A9-569B-469B-8C01-DD57F0EE852C}"
EndProject
Global
	GlobalSection(SolutionConfigurationPlatforms) = preSolution
		Debug|Any CPU = Debug|Any CPU
		Release|Any CPU = Release|Any CPU
	EndGlobalSection
	GlobalSection(ProjectConfigurationPlatforms) = postSolution
		{74EC29A9-569B-469B-8C01-DD57F0EE852C}.Debug|Any CPU.ActiveCfg = Debug|Any CPU
		{74EC29A9-569B-469B-8C01-DD57F0EE852C}.Debug|Any CPU.Build.0 = Debug|Any CPU
		{74EC29A9-569B-469B-8C01-DD57F0EE852C}.Release|Any CPU.ActiveCfg = Release|Any CPU
		{74EC29A9-569B-469B-8C01-DD57F0EE852C}.Release|Any CPU.Build.0 = Release|Any CPU
	EndGlobalSection
	GlobalSection(SolutionProperties) = preSolution
		HideSolutionNode = FALSE
	EndGlobalSection
	GlobalSection(ExtensibilityGlobals) = postSolution
		SolutionGuid = {81DFC04D-C6F7-4D00-845A-9117F3083A4C}
	EndGlobalSection
EndGlobal
