
Microsoft Visual Studio Solution File, Format Version 12.00
# Visual Studio Version 17
VisualStudioVersion = 17.3.32929.385
MinimumVisualStudioVersion = 10.0.40219.1
Project("{FAE04EC0-301F-11D3-BF4B-00C04F79EFBC}") = "Zadatak7", "Zadatak7.csproj", "{9C0C67DB-AEBE-4640-811D-B43A923D81B5}"
EndProject
Global
	GlobalSection(SolutionConfigurationPlatforms) = preSolution
		Debug|Any CPU = Debug|Any CPU
		Release|Any CPU = Release|Any CPU
	EndGlobalSection
	GlobalSection(ProjectConfigurationPlatforms) = postSolution
		{9C0C67DB-AEBE-4640-811D-B43A923D81B5}.Debug|Any CPU.ActiveCfg = Debug|Any CPU
		{9C0C67DB-AEBE-4640-811D-B43A923D81B5}.Debug|Any CPU.Build.0 = Debug|Any CPU
		{9C0C67DB-AEBE-4640-811D-B43A923D81B5}.Release|Any CPU.ActiveCfg = Release|Any CPU
		{9C0C67DB-AEBE-4640-811D-B43A923D81B5}.Release|Any CPU.Build.0 = Release|Any CPU
	EndGlobalSection
	GlobalSection(SolutionProperties) = preSolution
		HideSolutionNode = FALSE
	EndGlobalSection
	GlobalSection(ExtensibilityGlobals) = postSolution
		SolutionGuid = {C6486DC3-2A95-4F27-BD5C-2D486A527121}
	EndGlobalSection
EndGlobal
